
Microsoft Visual Studio Solution File, Format Version 12.00
# Visual Studio Version 17
VisualStudioVersion = 17.12.35323.107
MinimumVisualStudioVersion = 10.0.40219.1
Project("{FAE04EC0-301F-11D3-BF4B-00C04F79EFBC}") = "Arac_Kullanimlari", "Arac_Kullanimlari\Arac_Kullanimlari.csproj", "{746AE6E5-2540-43AB-94F1-EE59BD15EF3E}"
EndProject
Project("{FAE04EC0-301F-11D3-BF4B-00C04F79EFBC}") = "labelTextboxKullanimiProje", "labelTextboxKullanimiProje\labelTextboxKullanimiProje.csproj", "{65FC43A5-49AB-4BC7-832D-70C48BB8275C}"
EndProject
Project("{FAE04EC0-301F-11D3-BF4B-00C04F79EFBC}") = "Arac_Kullanimlari2", "Arac_Kullanimlari2\Arac_Kullanimlari2.csproj", "{7DF28663-9EF4-4172-8007-A068DFA6D2D2}"
EndProject
Project("{FAE04EC0-301F-11D3-BF4B-00C04F79EFBC}") = "ComboboxAndListboxProje", "ComboboxAndListboxProje\ComboboxAndListboxProje.csproj", "{3F4AC062-0E44-4A49-A012-3904D62E9A8A}"
EndProject
Project("{FAE04EC0-301F-11D3-BF4B-00C04F79EFBC}") = "Arac_kullanimlari3", "Arac_kullanimlari3\Arac_kullanimlari3.csproj", "{C9D90FBB-00BB-4CDE-A882-E21297D623BC}"
EndProject
Project("{FAE04EC0-301F-11D3-BF4B-00C04F79EFBC}") = "MaskedTextBoxPictureBoxDatetimepickerProje", "MaskedTextBoxPictureBoxDatetimepickerProje\MaskedTextBoxPictureBoxDatetimepickerProje.csproj", "{B24A0C75-F612-412D-865C-FCE5F2498D35}"
EndProject
Project("{FAE04EC0-301F-11D3-BF4B-00C04F79EFBC}") = "Arac_kullanimlari4", "Arac_kullanimlari4\Arac_kullanimlari4.csproj", "{503AC1D4-C206-4433-ADB5-9FE3FEE9BBDB}"
EndProject
Project("{FAE04EC0-301F-11D3-BF4B-00C04F79EFBC}") = "OrnekLoginPaneliProje", "OrnekLoginPaneliProje\OrnekLoginPaneliProje.csproj", "{A4476369-C826-43FD-8784-BD37ABB2E33F}"
EndProject
Project("{FAE04EC0-301F-11D3-BF4B-00C04F79EFBC}") = "UcakRezervasyonSistemiProje", "UcakRezervasyonSistemiProje\UcakRezervasyonSistemiProje.csproj", "{F2A54030-A5C5-4460-8472-138A2155C3A0}"
EndProject
Project("{FAE04EC0-301F-11D3-BF4B-00C04F79EFBC}") = "String_Degiskenler", "String_Degiskenler\String_Degiskenler.csproj", "{49B5CD19-FC47-4D49-8C3D-37709749E7E6}"
EndProject
Project("{FAE04EC0-301F-11D3-BF4B-00C04F79EFBC}") = "String_Degiskenler_Proje", "String_Degiskenler_Proje\String_Degiskenler_Proje.csproj", "{4E636C47-C1C6-4AD5-84F6-797E4987E3D2}"
EndProject
Project("{FAE04EC0-301F-11D3-BF4B-00C04F79EFBC}") = "Int_Degiskenler", "Int_Degiskenler\Int_Degiskenler.csproj", "{3F2910AC-AA4B-40F6-942A-BB334657B3D2}"
EndProject
Project("{FAE04EC0-301F-11D3-BF4B-00C04F79EFBC}") = "DikdortgenAlanCevreProje", "DikdortgenAlanCevreProje\DikdortgenAlanCevreProje.csproj", "{5D05047E-55BB-4E23-AEA8-003CAA925222}"
EndProject
Project("{FAE04EC0-301F-11D3-BF4B-00C04F79EFBC}") = "OrtalamaHesaplamaProje", "OrtalamaHesaplamaProje\OrtalamaHesaplamaProje.csproj", "{4B774DBF-8A86-4803-B90D-9E94F3549605}"
EndProject
Project("{FAE04EC0-301F-11D3-BF4B-00C04F79EFBC}") = "Int_Degiskenler2", "Int_Degiskenler2\Int_Degiskenler2.csproj", "{FD3B3D84-84D6-446C-810B-AA025B12FBC1}"
EndProject
Project("{FAE04EC0-301F-11D3-BF4B-00C04F79EFBC}") = "IntDegiskenlerAritmetikProje", "IntDegiskenlerAritmetikProje\IntDegiskenlerAritmetikProje.csproj", "{F2F4541F-44F9-4060-828D-6198D59AA9C3}"
EndProject
Project("{FAE04EC0-301F-11D3-BF4B-00C04F79EFBC}") = "DoubleDegiskenler", "DoubleDegiskenler\DoubleDegiskenler.csproj", "{BD0A9917-FCFC-436D-96EF-5D58CA55DA8D}"
EndProject
Project("{FAE04EC0-301F-11D3-BF4B-00C04F79EFBC}") = "DoubleDegiskenlerOgrenciSistemiProje", "DoubleDegiskenlerOgrenciSistemiProje\DoubleDegiskenlerOgrenciSistemiProje.csproj", "{BE84AE02-49E5-4888-BA02-0DBEDF466F3D}"
EndProject
Project("{FAE04EC0-301F-11D3-BF4B-00C04F79EFBC}") = "CharDegiskenler", "CharDegiskenler\CharDegiskenler.csproj", "{D8E36F41-8230-443F-951B-DCA7A6888846}"
EndProject
Project("{FAE04EC0-301F-11D3-BF4B-00C04F79EFBC}") = "Karar_Yapilari", "Karar_Yapilari\Karar_Yapilari.csproj", "{1FD99CC5-B329-4671-9AB1-6F2883B1CD20}"
EndProject
Project("{2150E333-8FDC-42A3-9474-1A3956D46DE8}") = "Timer", "Timer", "{BB2C0322-0ABB-4C3A-930E-63FB7B694556}"
EndProject
Project("{FAE04EC0-301F-11D3-BF4B-00C04F79EFBC}") = "Timer", "Timer\Timer.csproj", "{F51E60FC-B303-4515-B86C-9076B3A42C44}"
EndProject
Project("{FAE04EC0-301F-11D3-BF4B-00C04F79EFBC}") = "ProgressBar", "ProgressBar\ProgressBar.csproj", "{51154C03-5FD8-49CB-B99A-CE49CBD6C36F}"
EndProject
Project("{FAE04EC0-301F-11D3-BF4B-00C04F79EFBC}") = "ProgressBar_Timer", "Donguler_Timer\ProgressBar_Timer.csproj", "{E40CBBBE-BA3E-4D4F-B5F2-CD6B9B0FBBD2}"
EndProject
Project("{FAE04EC0-301F-11D3-BF4B-00C04F79EFBC}") = "class_Example", "class_Example\class_Example.csproj", "{33C55662-9D75-47D1-92FB-563F6847171D}"
EndProject
Project("{FAE04EC0-301F-11D3-BF4B-00C04F79EFBC}") = "Example_Console", "Example_Console\Example_Console.csproj", "{B91EE654-D154-4FD8-90A0-27BE79D5C5F1}"
EndProject
Project("{FAE04EC0-301F-11D3-BF4B-00C04F79EFBC}") = "MenuStrip_Kullanimi", "MenuStrip_Kullanimi\MenuStrip_Kullanimi.csproj", "{FED7327B-3C75-4011-84D0-C02B3EF95D45}"
EndProject
Project("{FAE04EC0-301F-11D3-BF4B-00C04F79EFBC}") = "Chart_Grafik", "Chart_Grafik\Chart_Grafik.csproj", "{76F32D7D-C507-4359-9AD1-CDEE5AAE1F2E}"
EndProject
Project("{FAE04EC0-301F-11D3-BF4B-00C04F79EFBC}") = "Extra_Araclar", "Extra_Araclar\Extra_Araclar.csproj", "{F655E642-B47C-4EF8-8945-7FC5F1ACD2B3}"
EndProject
Project("{FAE04EC0-301F-11D3-BF4B-00C04F79EFBC}") = "RandomKullanimi", "RandomKullanimi\RandomKullanimi.csproj", "{96E354A2-F2DE-46A0-AE5F-08005E664165}"
EndProject
Project("{FAE04EC0-301F-11D3-BF4B-00C04F79EFBC}") = "Captcha", "Captcha\Captcha.csproj", "{0937B780-EE23-4A99-98E9-B0B097219123}"
EndProject
Project("{FAE04EC0-301F-11D3-BF4B-00C04F79EFBC}") = "FormlarArasi_VeriTasima", "FormlarArasi_VeriTasima\FormlarArasi_VeriTasima.csproj", "{9893C150-781A-4247-8287-B64696A2F14F}"
EndProject
Project("{FAE04EC0-301F-11D3-BF4B-00C04F79EFBC}") = "PointKullanimi", "PointKullanimi\PointKullanimi.csproj", "{D10BDFCC-8840-4856-959E-DC7EF91DFB54}"
EndProject
Project("{FAE04EC0-301F-11D3-BF4B-00C04F79EFBC}") = "EnumKullanimi", "EnumKullanimi\EnumKullanimi.csproj", "{A758ED49-50DD-488D-B757-70EB2457C14F}"
EndProject
Project("{FAE04EC0-301F-11D3-BF4B-00C04F79EFBC}") = "MathematicFunctions", "MathematicFunctions\MathematicFunctions.csproj", "{64F1924F-592E-429E-AC1F-C759C2D12C1E}"
EndProject
Project("{FAE04EC0-301F-11D3-BF4B-00C04F79EFBC}") = "DynamicTools", "DynamicTools\DynamicTools.csproj", "{58FFEC2C-C7B1-42B0-AA7C-5439D6E9DD53}"
EndProject
Global
	GlobalSection(SolutionConfigurationPlatforms) = preSolution
		Debug|Any CPU = Debug|Any CPU
		Release|Any CPU = Release|Any CPU
	EndGlobalSection
	GlobalSection(ProjectConfigurationPlatforms) = postSolution
		{746AE6E5-2540-43AB-94F1-EE59BD15EF3E}.Debug|Any CPU.ActiveCfg = Debug|Any CPU
		{746AE6E5-2540-43AB-94F1-EE59BD15EF3E}.Debug|Any CPU.Build.0 = Debug|Any CPU
		{746AE6E5-2540-43AB-94F1-EE59BD15EF3E}.Release|Any CPU.ActiveCfg = Release|Any CPU
		{746AE6E5-2540-43AB-94F1-EE59BD15EF3E}.Release|Any CPU.Build.0 = Release|Any CPU
		{65FC43A5-49AB-4BC7-832D-70C48BB8275C}.Debug|Any CPU.ActiveCfg = Debug|Any CPU
		{65FC43A5-49AB-4BC7-832D-70C48BB8275C}.Debug|Any CPU.Build.0 = Debug|Any CPU
		{65FC43A5-49AB-4BC7-832D-70C48BB8275C}.Release|Any CPU.ActiveCfg = Release|Any CPU
		{65FC43A5-49AB-4BC7-832D-70C48BB8275C}.Release|Any CPU.Build.0 = Release|Any CPU
		{7DF28663-9EF4-4172-8007-A068DFA6D2D2}.Debug|Any CPU.ActiveCfg = Debug|Any CPU
		{7DF28663-9EF4-4172-8007-A068DFA6D2D2}.Debug|Any CPU.Build.0 = Debug|Any CPU
		{7DF28663-9EF4-4172-8007-A068DFA6D2D2}.Release|Any CPU.ActiveCfg = Release|Any CPU
		{7DF28663-9EF4-4172-8007-A068DFA6D2D2}.Release|Any CPU.Build.0 = Release|Any CPU
		{3F4AC062-0E44-4A49-A012-3904D62E9A8A}.Debug|Any CPU.ActiveCfg = Debug|Any CPU
		{3F4AC062-0E44-4A49-A012-3904D62E9A8A}.Debug|Any CPU.Build.0 = Debug|Any CPU
		{3F4AC062-0E44-4A49-A012-3904D62E9A8A}.Release|Any CPU.ActiveCfg = Release|Any CPU
		{3F4AC062-0E44-4A49-A012-3904D62E9A8A}.Release|Any CPU.Build.0 = Release|Any CPU
		{C9D90FBB-00BB-4CDE-A882-E21297D623BC}.Debug|Any CPU.ActiveCfg = Debug|Any CPU
		{C9D90FBB-00BB-4CDE-A882-E21297D623BC}.Debug|Any CPU.Build.0 = Debug|Any CPU
		{C9D90FBB-00BB-4CDE-A882-E21297D623BC}.Release|Any CPU.ActiveCfg = Release|Any CPU
		{C9D90FBB-00BB-4CDE-A882-E21297D623BC}.Release|Any CPU.Build.0 = Release|Any CPU
		{B24A0C75-F612-412D-865C-FCE5F2498D35}.Debug|Any CPU.ActiveCfg = Debug|Any CPU
		{B24A0C75-F612-412D-865C-FCE5F2498D35}.Debug|Any CPU.Build.0 = Debug|Any CPU
		{B24A0C75-F612-412D-865C-FCE5F2498D35}.Release|Any CPU.ActiveCfg = Release|Any CPU
		{B24A0C75-F612-412D-865C-FCE5F2498D35}.Release|Any CPU.Build.0 = Release|Any CPU
		{503AC1D4-C206-4433-ADB5-9FE3FEE9BBDB}.Debug|Any CPU.ActiveCfg = Debug|Any CPU
		{503AC1D4-C206-4433-ADB5-9FE3FEE9BBDB}.Debug|Any CPU.Build.0 = Debug|Any CPU
		{503AC1D4-C206-4433-ADB5-9FE3FEE9BBDB}.Release|Any CPU.ActiveCfg = Release|Any CPU
		{503AC1D4-C206-4433-ADB5-9FE3FEE9BBDB}.Release|Any CPU.Build.0 = Release|Any CPU
		{A4476369-C826-43FD-8784-BD37ABB2E33F}.Debug|Any CPU.ActiveCfg = Debug|Any CPU
		{A4476369-C826-43FD-8784-BD37ABB2E33F}.Debug|Any CPU.Build.0 = Debug|Any CPU
		{A4476369-C826-43FD-8784-BD37ABB2E33F}.Release|Any CPU.ActiveCfg = Release|Any CPU
		{A4476369-C826-43FD-8784-BD37ABB2E33F}.Release|Any CPU.Build.0 = Release|Any CPU
		{F2A54030-A5C5-4460-8472-138A2155C3A0}.Debug|Any CPU.ActiveCfg = Debug|Any CPU
		{F2A54030-A5C5-4460-8472-138A2155C3A0}.Debug|Any CPU.Build.0 = Debug|Any CPU
		{F2A54030-A5C5-4460-8472-138A2155C3A0}.Release|Any CPU.ActiveCfg = Release|Any CPU
		{F2A54030-A5C5-4460-8472-138A2155C3A0}.Release|Any CPU.Build.0 = Release|Any CPU
		{49B5CD19-FC47-4D49-8C3D-37709749E7E6}.Debug|Any CPU.ActiveCfg = Debug|Any CPU
		{49B5CD19-FC47-4D49-8C3D-37709749E7E6}.Debug|Any CPU.Build.0 = Debug|Any CPU
		{49B5CD19-FC47-4D49-8C3D-37709749E7E6}.Release|Any CPU.ActiveCfg = Release|Any CPU
		{49B5CD19-FC47-4D49-8C3D-37709749E7E6}.Release|Any CPU.Build.0 = Release|Any CPU
		{4E636C47-C1C6-4AD5-84F6-797E4987E3D2}.Debug|Any CPU.ActiveCfg = Debug|Any CPU
		{4E636C47-C1C6-4AD5-84F6-797E4987E3D2}.Debug|Any CPU.Build.0 = Debug|Any CPU
		{4E636C47-C1C6-4AD5-84F6-797E4987E3D2}.Release|Any CPU.ActiveCfg = Release|Any CPU
		{4E636C47-C1C6-4AD5-84F6-797E4987E3D2}.Release|Any CPU.Build.0 = Release|Any CPU
		{3F2910AC-AA4B-40F6-942A-BB334657B3D2}.Debug|Any CPU.ActiveCfg = Debug|Any CPU
		{3F2910AC-AA4B-40F6-942A-BB334657B3D2}.Debug|Any CPU.Build.0 = Debug|Any CPU
		{3F2910AC-AA4B-40F6-942A-BB334657B3D2}.Release|Any CPU.ActiveCfg = Release|Any CPU
		{3F2910AC-AA4B-40F6-942A-BB334657B3D2}.Release|Any CPU.Build.0 = Release|Any CPU
		{5D05047E-55BB-4E23-AEA8-003CAA925222}.Debug|Any CPU.ActiveCfg = Debug|Any CPU
		{5D05047E-55BB-4E23-AEA8-003CAA925222}.Debug|Any CPU.Build.0 = Debug|Any CPU
		{5D05047E-55BB-4E23-AEA8-003CAA925222}.Release|Any CPU.ActiveCfg = Release|Any CPU
		{5D05047E-55BB-4E23-AEA8-003CAA925222}.Release|Any CPU.Build.0 = Release|Any CPU
		{4B774DBF-8A86-4803-B90D-9E94F3549605}.Debug|Any CPU.ActiveCfg = Debug|Any CPU
		{4B774DBF-8A86-4803-B90D-9E94F3549605}.Debug|Any CPU.Build.0 = Debug|Any CPU
		{4B774DBF-8A86-4803-B90D-9E94F3549605}.Release|Any CPU.ActiveCfg = Release|Any CPU
		{4B774DBF-8A86-4803-B90D-9E94F3549605}.Release|Any CPU.Build.0 = Release|Any CPU
		{FD3B3D84-84D6-446C-810B-AA025B12FBC1}.Debug|Any CPU.ActiveCfg = Debug|Any CPU
		{FD3B3D84-84D6-446C-810B-AA025B12FBC1}.Debug|Any CPU.Build.0 = Debug|Any CPU
		{FD3B3D84-84D6-446C-810B-AA025B12FBC1}.Release|Any CPU.ActiveCfg = Release|Any CPU
		{FD3B3D84-84D6-446C-810B-AA025B12FBC1}.Release|Any CPU.Build.0 = Release|Any CPU
		{F2F4541F-44F9-4060-828D-6198D59AA9C3}.Debug|Any CPU.ActiveCfg = Debug|Any CPU
		{F2F4541F-44F9-4060-828D-6198D59AA9C3}.Debug|Any CPU.Build.0 = Debug|Any CPU
		{F2F4541F-44F9-4060-828D-6198D59AA9C3}.Release|Any CPU.ActiveCfg = Release|Any CPU
		{F2F4541F-44F9-4060-828D-6198D59AA9C3}.Release|Any CPU.Build.0 = Release|Any CPU
		{BD0A9917-FCFC-436D-96EF-5D58CA55DA8D}.Debug|Any CPU.ActiveCfg = Debug|Any CPU
		{BD0A9917-FCFC-436D-96EF-5D58CA55DA8D}.Debug|Any CPU.Build.0 = Debug|Any CPU
		{BD0A9917-FCFC-436D-96EF-5D58CA55DA8D}.Release|Any CPU.ActiveCfg = Release|Any CPU
		{BD0A9917-FCFC-436D-96EF-5D58CA55DA8D}.Release|Any CPU.Build.0 = Release|Any CPU
		{BE84AE02-49E5-4888-BA02-0DBEDF466F3D}.Debug|Any CPU.ActiveCfg = Debug|Any CPU
		{BE84AE02-49E5-4888-BA02-0DBEDF466F3D}.Debug|Any CPU.Build.0 = Debug|Any CPU
		{BE84AE02-49E5-4888-BA02-0DBEDF466F3D}.Release|Any CPU.ActiveCfg = Release|Any CPU
		{BE84AE02-49E5-4888-BA02-0DBEDF466F3D}.Release|Any CPU.Build.0 = Release|Any CPU
		{D8E36F41-8230-443F-951B-DCA7A6888846}.Debug|Any CPU.ActiveCfg = Debug|Any CPU
		{D8E36F41-8230-443F-951B-DCA7A6888846}.Debug|Any CPU.Build.0 = Debug|Any CPU
		{D8E36F41-8230-443F-951B-DCA7A6888846}.Release|Any CPU.ActiveCfg = Release|Any CPU
		{D8E36F41-8230-443F-951B-DCA7A6888846}.Release|Any CPU.Build.0 = Release|Any CPU
		{1FD99CC5-B329-4671-9AB1-6F2883B1CD20}.Debug|Any CPU.ActiveCfg = Debug|Any CPU
		{1FD99CC5-B329-4671-9AB1-6F2883B1CD20}.Debug|Any CPU.Build.0 = Debug|Any CPU
		{1FD99CC5-B329-4671-9AB1-6F2883B1CD20}.Release|Any CPU.ActiveCfg = Release|Any CPU
		{1FD99CC5-B329-4671-9AB1-6F2883B1CD20}.Release|Any CPU.Build.0 = Release|Any CPU
		{F51E60FC-B303-4515-B86C-9076B3A42C44}.Debug|Any CPU.ActiveCfg = Debug|Any CPU
		{F51E60FC-B303-4515-B86C-9076B3A42C44}.Debug|Any CPU.Build.0 = Debug|Any CPU
		{F51E60FC-B303-4515-B86C-9076B3A42C44}.Release|Any CPU.ActiveCfg = Release|Any CPU
		{F51E60FC-B303-4515-B86C-9076B3A42C44}.Release|Any CPU.Build.0 = Release|Any CPU
		{51154C03-5FD8-49CB-B99A-CE49CBD6C36F}.Debug|Any CPU.ActiveCfg = Debug|Any CPU
		{51154C03-5FD8-49CB-B99A-CE49CBD6C36F}.Debug|Any CPU.Build.0 = Debug|Any CPU
		{51154C03-5FD8-49CB-B99A-CE49CBD6C36F}.Release|Any CPU.ActiveCfg = Release|Any CPU
		{51154C03-5FD8-49CB-B99A-CE49CBD6C36F}.Release|Any CPU.Build.0 = Release|Any CPU
		{E40CBBBE-BA3E-4D4F-B5F2-CD6B9B0FBBD2}.Debug|Any CPU.ActiveCfg = Debug|Any CPU
		{E40CBBBE-BA3E-4D4F-B5F2-CD6B9B0FBBD2}.Debug|Any CPU.Build.0 = Debug|Any CPU
		{E40CBBBE-BA3E-4D4F-B5F2-CD6B9B0FBBD2}.Release|Any CPU.ActiveCfg = Release|Any CPU
		{E40CBBBE-BA3E-4D4F-B5F2-CD6B9B0FBBD2}.Release|Any CPU.Build.0 = Release|Any CPU
		{33C55662-9D75-47D1-92FB-563F6847171D}.Debug|Any CPU.ActiveCfg = Debug|Any CPU
		{33C55662-9D75-47D1-92FB-563F6847171D}.Debug|Any CPU.Build.0 = Debug|Any CPU
		{33C55662-9D75-47D1-92FB-563F6847171D}.Release|Any CPU.ActiveCfg = Release|Any CPU
		{33C55662-9D75-47D1-92FB-563F6847171D}.Release|Any CPU.Build.0 = Release|Any CPU
		{B91EE654-D154-4FD8-90A0-27BE79D5C5F1}.Debug|Any CPU.ActiveCfg = Debug|Any CPU
		{B91EE654-D154-4FD8-90A0-27BE79D5C5F1}.Debug|Any CPU.Build.0 = Debug|Any CPU
		{B91EE654-D154-4FD8-90A0-27BE79D5C5F1}.Release|Any CPU.ActiveCfg = Release|Any CPU
		{B91EE654-D154-4FD8-90A0-27BE79D5C5F1}.Release|Any CPU.Build.0 = Release|Any CPU
		{FED7327B-3C75-4011-84D0-C02B3EF95D45}.Debug|Any CPU.ActiveCfg = Debug|Any CPU
		{FED7327B-3C75-4011-84D0-C02B3EF95D45}.Debug|Any CPU.Build.0 = Debug|Any CPU
		{FED7327B-3C75-4011-84D0-C02B3EF95D45}.Release|Any CPU.ActiveCfg = Release|Any CPU
		{FED7327B-3C75-4011-84D0-C02B3EF95D45}.Release|Any CPU.Build.0 = Release|Any CPU
		{76F32D7D-C507-4359-9AD1-CDEE5AAE1F2E}.Debug|Any CPU.ActiveCfg = Debug|Any CPU
		{76F32D7D-C507-4359-9AD1-CDEE5AAE1F2E}.Debug|Any CPU.Build.0 = Debug|Any CPU
		{76F32D7D-C507-4359-9AD1-CDEE5AAE1F2E}.Release|Any CPU.ActiveCfg = Release|Any CPU
		{76F32D7D-C507-4359-9AD1-CDEE5AAE1F2E}.Release|Any CPU.Build.0 = Release|Any CPU
		{F655E642-B47C-4EF8-8945-7FC5F1ACD2B3}.Debug|Any CPU.ActiveCfg = Debug|Any CPU
		{F655E642-B47C-4EF8-8945-7FC5F1ACD2B3}.Debug|Any CPU.Build.0 = Debug|Any CPU
		{F655E642-B47C-4EF8-8945-7FC5F1ACD2B3}.Release|Any CPU.ActiveCfg = Release|Any CPU
		{F655E642-B47C-4EF8-8945-7FC5F1ACD2B3}.Release|Any CPU.Build.0 = Release|Any CPU
		{96E354A2-F2DE-46A0-AE5F-08005E664165}.Debug|Any CPU.ActiveCfg = Debug|Any CPU
		{96E354A2-F2DE-46A0-AE5F-08005E664165}.Debug|Any CPU.Build.0 = Debug|Any CPU
		{96E354A2-F2DE-46A0-AE5F-08005E664165}.Release|Any CPU.ActiveCfg = Release|Any CPU
		{96E354A2-F2DE-46A0-AE5F-08005E664165}.Release|Any CPU.Build.0 = Release|Any CPU
		{0937B780-EE23-4A99-98E9-B0B097219123}.Debug|Any CPU.ActiveCfg = Debug|Any CPU
		{0937B780-EE23-4A99-98E9-B0B097219123}.Debug|Any CPU.Build.0 = Debug|Any CPU
		{0937B780-EE23-4A99-98E9-B0B097219123}.Release|Any CPU.ActiveCfg = Release|Any CPU
		{0937B780-EE23-4A99-98E9-B0B097219123}.Release|Any CPU.Build.0 = Release|Any CPU
		{9893C150-781A-4247-8287-B64696A2F14F}.Debug|Any CPU.ActiveCfg = Debug|Any CPU
		{9893C150-781A-4247-8287-B64696A2F14F}.Debug|Any CPU.Build.0 = Debug|Any CPU
		{9893C150-781A-4247-8287-B64696A2F14F}.Release|Any CPU.ActiveCfg = Release|Any CPU
		{9893C150-781A-4247-8287-B64696A2F14F}.Release|Any CPU.Build.0 = Release|Any CPU
		{D10BDFCC-8840-4856-959E-DC7EF91DFB54}.Debug|Any CPU.ActiveCfg = Debug|Any CPU
		{D10BDFCC-8840-4856-959E-DC7EF91DFB54}.Debug|Any CPU.Build.0 = Debug|Any CPU
		{D10BDFCC-8840-4856-959E-DC7EF91DFB54}.Release|Any CPU.ActiveCfg = Release|Any CPU
		{D10BDFCC-8840-4856-959E-DC7EF91DFB54}.Release|Any CPU.Build.0 = Release|Any CPU
		{A758ED49-50DD-488D-B757-70EB2457C14F}.Debug|Any CPU.ActiveCfg = Debug|Any CPU
		{A758ED49-50DD-488D-B757-70EB2457C14F}.Debug|Any CPU.Build.0 = Debug|Any CPU
		{A758ED49-50DD-488D-B757-70EB2457C14F}.Release|Any CPU.ActiveCfg = Release|Any CPU
		{A758ED49-50DD-488D-B757-70EB2457C14F}.Release|Any CPU.Build.0 = Release|Any CPU
		{64F1924F-592E-429E-AC1F-C759C2D12C1E}.Debug|Any CPU.ActiveCfg = Debug|Any CPU
		{64F1924F-592E-429E-AC1F-C759C2D12C1E}.Debug|Any CPU.Build.0 = Debug|Any CPU
		{64F1924F-592E-429E-AC1F-C759C2D12C1E}.Release|Any CPU.ActiveCfg = Release|Any CPU
		{64F1924F-592E-429E-AC1F-C759C2D12C1E}.Release|Any CPU.Build.0 = Release|Any CPU
		{58FFEC2C-C7B1-42B0-AA7C-5439D6E9DD53}.Debug|Any CPU.ActiveCfg = Debug|Any CPU
		{58FFEC2C-C7B1-42B0-AA7C-5439D6E9DD53}.Debug|Any CPU.Build.0 = Debug|Any CPU
		{58FFEC2C-C7B1-42B0-AA7C-5439D6E9DD53}.Release|Any CPU.ActiveCfg = Release|Any CPU
		{58FFEC2C-C7B1-42B0-AA7C-5439D6E9DD53}.Release|Any CPU.Build.0 = Release|Any CPU
	EndGlobalSection
	GlobalSection(SolutionProperties) = preSolution
		HideSolutionNode = FALSE
	EndGlobalSection
	GlobalSection(NestedProjects) = preSolution
		{F51E60FC-B303-4515-B86C-9076B3A42C44} = {BB2C0322-0ABB-4C3A-930E-63FB7B694556}
	EndGlobalSection
	GlobalSection(ExtensibilityGlobals) = postSolution
		SolutionGuid = {C97E5E91-A275-4F61-AC4C-6AAC4A9D6E88}
	EndGlobalSection
EndGlobal
